
Microsoft Visual Studio Solution File, Format Version 12.00
# Visual Studio Version 16
VisualStudioVersion = 16.0.29728.190
MinimumVisualStudioVersion = 10.0.40219.1
Project("{FAE04EC0-301F-11D3-BF4B-00C04F79EFBC}") = "Assessment", "Assessment\Assessment.csproj", "{F3EE524B-C001-440D-A39B-CCAAD60C01CD}"
EndProject
Global
	GlobalSection(SolutionConfigurationPlatforms) = preSolution
		Debug|Any CPU = Debug|Any CPU
		Release|Any CPU = Release|Any CPU
	EndGlobalSection
	GlobalSection(ProjectConfigurationPlatforms) = postSolution
		{F3EE524B-C001-440D-A39B-CCAAD60C01CD}.Debug|Any CPU.ActiveCfg = Debug|Any CPU
		{F3EE524B-C001-440D-A39B-CCAAD60C01CD}.Debug|Any CPU.Build.0 = Debug|Any CPU
		{F3EE524B-C001-440D-A39B-CCAAD60C01CD}.Release|Any CPU.ActiveCfg = Release|Any CPU
		{F3EE524B-C001-440D-A39B-CCAAD60C01CD}.Release|Any CPU.Build.0 = Release|Any CPU
	EndGlobalSection
	GlobalSection(SolutionProperties) = preSolution
		HideSolutionNode = FALSE
	EndGlobalSection
	GlobalSection(ExtensibilityGlobals) = postSolution
		SolutionGuid = {75B2A43F-2AE1-4033-98FB-4744228B7585}
	EndGlobalSection
EndGlobal
